
Microsoft Visual Studio Solution File, Format Version 12.00
# Visual Studio 15
VisualStudioVersion = 15.0.28307.489
MinimumVisualStudioVersion = 10.0.40219.1
Project("{FAE04EC0-301F-11D3-BF4B-00C04F79EFBC}") = "Proyecto_PortafolioEPIS", "Proyecto_PortafolioEPIS\Proyecto_PortafolioEPIS.csproj", "{9138B3BD-1FE5-4340-A346-0BE73D90C985}"
EndProject
Global
	GlobalSection(SolutionConfigurationPlatforms) = preSolution
		Debug|Any CPU = Debug|Any CPU
		Release|Any CPU = Release|Any CPU
	EndGlobalSection
	GlobalSection(ProjectConfigurationPlatforms) = postSolution
		{9138B3BD-1FE5-4340-A346-0BE73D90C985}.Debug|Any CPU.ActiveCfg = Debug|Any CPU
		{9138B3BD-1FE5-4340-A346-0BE73D90C985}.Debug|Any CPU.Build.0 = Debug|Any CPU
		{9138B3BD-1FE5-4340-A346-0BE73D90C985}.Release|Any CPU.ActiveCfg = Release|Any CPU
		{9138B3BD-1FE5-4340-A346-0BE73D90C985}.Release|Any CPU.Build.0 = Release|Any CPU
	EndGlobalSection
	GlobalSection(SolutionProperties) = preSolution
		HideSolutionNode = FALSE
	EndGlobalSection
	GlobalSection(ExtensibilityGlobals) = postSolution
		SolutionGuid = {15D4320E-7DCB-41CB-B96A-3CB5E4BD2BDE}
	EndGlobalSection
EndGlobal
